
Microsoft Visual Studio Solution File, Format Version 12.00
# Visual Studio 14
VisualStudioVersion = 14.0.24720.0
MinimumVisualStudioVersion = 10.0.40219.1
Project("{FAE04EC0-301F-11D3-BF4B-00C04F79EFBC}") = "TwentyFortyEight", "TwentyFortyEight\TwentyFortyEight.csproj", "{7D54135D-8A2D-4C7D-8F80-A22EAD53DE31}"
EndProject
Project("{FAE04EC0-301F-11D3-BF4B-00C04F79EFBC}") = "UnitTests", "UnitTests\UnitTests.csproj", "{23B907E6-8579-40E9-86F8-0A73C3F175EA}"
EndProject
Global
	GlobalSection(SolutionConfigurationPlatforms) = preSolution
		Debug|Any CPU = Debug|Any CPU
		Release|Any CPU = Release|Any CPU
	EndGlobalSection
	GlobalSection(ProjectConfigurationPlatforms) = postSolution
		{7D54135D-8A2D-4C7D-8F80-A22EAD53DE31}.Debug|Any CPU.ActiveCfg = Debug|Any CPU
		{7D54135D-8A2D-4C7D-8F80-A22EAD53DE31}.Debug|Any CPU.Build.0 = Debug|Any CPU
		{7D54135D-8A2D-4C7D-8F80-A22EAD53DE31}.Release|Any CPU.ActiveCfg = Release|Any CPU
		{7D54135D-8A2D-4C7D-8F80-A22EAD53DE31}.Release|Any CPU.Build.0 = Release|Any CPU
		{23B907E6-8579-40E9-86F8-0A73C3F175EA}.Debug|Any CPU.ActiveCfg = Debug|Any CPU
		{23B907E6-8579-40E9-86F8-0A73C3F175EA}.Debug|Any CPU.Build.0 = Debug|Any CPU
		{23B907E6-8579-40E9-86F8-0A73C3F175EA}.Release|Any CPU.ActiveCfg = Release|Any CPU
		{23B907E6-8579-40E9-86F8-0A73C3F175EA}.Release|Any CPU.Build.0 = Release|Any CPU
	EndGlobalSection
	GlobalSection(SolutionProperties) = preSolution
		HideSolutionNode = FALSE
	EndGlobalSection
	GlobalSection(ExtensibilityGlobals) = postSolution
		SolutionGuid = {2D51B2D9-C95B-40BD-983B-31F9194D0E64}
	EndGlobalSection
EndGlobal
